
Microsoft Visual Studio Solution File, Format Version 12.00
# Visual Studio Version 17
VisualStudioVersion = 17.10.34928.147
MinimumVisualStudioVersion = 10.0.40219.1
Project("{9A19103F-16F7-4668-BE54-9A1E7A4F7556}") = "Fallout_Mod", "Fallout_Mod.csproj", "{0157DC0B-953E-4BC9-9F26-17DBC5988F33}"
EndProject
Global
	GlobalSection(SolutionConfigurationPlatforms) = preSolution
		Debug|Any CPU = Debug|Any CPU
		Release|Any CPU = Release|Any CPU
	EndGlobalSection
	GlobalSection(ProjectConfigurationPlatforms) = postSolution
		{0157DC0B-953E-4BC9-9F26-17DBC5988F33}.Debug|Any CPU.ActiveCfg = Debug|Any CPU
		{0157DC0B-953E-4BC9-9F26-17DBC5988F33}.Debug|Any CPU.Build.0 = Debug|Any CPU
		{0157DC0B-953E-4BC9-9F26-17DBC5988F33}.Release|Any CPU.ActiveCfg = Release|Any CPU
		{0157DC0B-953E-4BC9-9F26-17DBC5988F33}.Release|Any CPU.Build.0 = Release|Any CPU
	EndGlobalSection
	GlobalSection(SolutionProperties) = preSolution
		HideSolutionNode = FALSE
	EndGlobalSection
	GlobalSection(ExtensibilityGlobals) = postSolution
		SolutionGuid = {AC85D475-1180-4D4B-9F20-7F0D4E5CE87A}
	EndGlobalSection
EndGlobal
